
Microsoft Visual Studio Solution File, Format Version 12.00
# Visual Studio 15
VisualStudioVersion = 15.0.28307.421
MinimumVisualStudioVersion = 10.0.40219.1
Project("{FAE04EC0-301F-11D3-BF4B-00C04F79EFBC}") = "TransferLearningTF", "TransferLearningTF\TransferLearningTF.csproj", "{EBF4C2B9-50A8-40C0-8569-B8E9987FFB78}"
EndProject
Global
	GlobalSection(SolutionConfigurationPlatforms) = preSolution
		Debug|Any CPU = Debug|Any CPU
		Release|Any CPU = Release|Any CPU
	EndGlobalSection
	GlobalSection(ProjectConfigurationPlatforms) = postSolution
		{EBF4C2B9-50A8-40C0-8569-B8E9987FFB78}.Debug|Any CPU.ActiveCfg = Debug|Any CPU
		{EBF4C2B9-50A8-40C0-8569-B8E9987FFB78}.Debug|Any CPU.Build.0 = Debug|Any CPU
		{EBF4C2B9-50A8-40C0-8569-B8E9987FFB78}.Release|Any CPU.ActiveCfg = Release|Any CPU
		{EBF4C2B9-50A8-40C0-8569-B8E9987FFB78}.Release|Any CPU.Build.0 = Release|Any CPU
	EndGlobalSection
	GlobalSection(SolutionProperties) = preSolution
		HideSolutionNode = FALSE
	EndGlobalSection
	GlobalSection(ExtensibilityGlobals) = postSolution
		SolutionGuid = {C5F35A5B-847C-4A41-B50B-ED13D658B592}
	EndGlobalSection
EndGlobal
